
Microsoft Visual Studio Solution File, Format Version 12.00
# Visual Studio Version 16
VisualStudioVersion = 16.0.30717.126
MinimumVisualStudioVersion = 10.0.40219.1
Project("{FAE04EC0-301F-11D3-BF4B-00C04F79EFBC}") = "gi-artifact-capture", "gi-artifact-capture.csproj", "{09877FF6-1F03-48FA-84FF-05CF97F7CDD6}"
EndProject
Global
	GlobalSection(SolutionConfigurationPlatforms) = preSolution
		Debug|Any CPU = Debug|Any CPU
		Release|Any CPU = Release|Any CPU
	EndGlobalSection
	GlobalSection(ProjectConfigurationPlatforms) = postSolution
		{09877FF6-1F03-48FA-84FF-05CF97F7CDD6}.Debug|Any CPU.ActiveCfg = Debug|Any CPU
		{09877FF6-1F03-48FA-84FF-05CF97F7CDD6}.Debug|Any CPU.Build.0 = Debug|Any CPU
		{09877FF6-1F03-48FA-84FF-05CF97F7CDD6}.Release|Any CPU.ActiveCfg = Release|Any CPU
		{09877FF6-1F03-48FA-84FF-05CF97F7CDD6}.Release|Any CPU.Build.0 = Release|Any CPU
	EndGlobalSection
	GlobalSection(SolutionProperties) = preSolution
		HideSolutionNode = FALSE
	EndGlobalSection
	GlobalSection(ExtensibilityGlobals) = postSolution
		SolutionGuid = {33CD2E18-2CB0-4A86-B8A7-5010018E53F0}
	EndGlobalSection
EndGlobal
